
Microsoft Visual Studio Solution File, Format Version 12.00
# Visual Studio Version 16
VisualStudioVersion = 16.0.30907.101
MinimumVisualStudioVersion = 10.0.40219.1
Project("{FAE04EC0-301F-11D3-BF4B-00C04F79EFBC}") = "GloboTicket", "GloboTicket\GloboTicket.csproj", "{A8ECC173-0EC5-4177-819B-E489AD08B2CE}"
EndProject
Global
	GlobalSection(SolutionConfigurationPlatforms) = preSolution
		Debug|Any CPU = Debug|Any CPU
		Release|Any CPU = Release|Any CPU
	EndGlobalSection
	GlobalSection(ProjectConfigurationPlatforms) = postSolution
		{A8ECC173-0EC5-4177-819B-E489AD08B2CE}.Debug|Any CPU.ActiveCfg = Debug|Any CPU
		{A8ECC173-0EC5-4177-819B-E489AD08B2CE}.Debug|Any CPU.Build.0 = Debug|Any CPU
		{A8ECC173-0EC5-4177-819B-E489AD08B2CE}.Release|Any CPU.ActiveCfg = Release|Any CPU
		{A8ECC173-0EC5-4177-819B-E489AD08B2CE}.Release|Any CPU.Build.0 = Release|Any CPU
	EndGlobalSection
	GlobalSection(SolutionProperties) = preSolution
		HideSolutionNode = FALSE
	EndGlobalSection
	GlobalSection(ExtensibilityGlobals) = postSolution
		SolutionGuid = {E43B9CBE-E3F2-4218-9A68-4E8ADF2ABF23}
	EndGlobalSection
EndGlobal
